post:
  summary: Unblock a card
  description: Updates status of an existing card to “unblocked” which means that transactions can be carried out with that card.
  tags:
    - Cards
  operationId: unBlockCard
  responses:
    '204':
      description: No body is returned - “Status 204 No Content” signifies the call was successful.
